
Microsoft Visual Studio Solution File, Format Version 12.00
# Visual Studio Version 17
VisualStudioVersion = 17.9.34723.18
MinimumVisualStudioVersion = 10.0.40219.1
Project("{FAE04EC0-301F-11D3-BF4B-00C04F79EFBC}") = "WinformTemplate", "WinformTemplate\WinformTemplate.csproj", "{BEF270AA-4047-4071-87AF-39352721EEC2}"
EndProject
Global
	GlobalSection(SolutionConfigurationPlatforms) = preSolution
		Debug|Any CPU = Debug|Any CPU
		Release|Any CPU = Release|Any CPU
	EndGlobalSection
	GlobalSection(ProjectConfigurationPlatforms) = postSolution
		{BEF270AA-4047-4071-87AF-39352721EEC2}.Debug|Any CPU.ActiveCfg = Debug|Any CPU
		{BEF270AA-4047-4071-87AF-39352721EEC2}.Debug|Any CPU.Build.0 = Debug|Any CPU
		{BEF270AA-4047-4071-87AF-39352721EEC2}.Release|Any CPU.ActiveCfg = Release|Any CPU
		{BEF270AA-4047-4071-87AF-39352721EEC2}.Release|Any CPU.Build.0 = Release|Any CPU
	EndGlobalSection
	GlobalSection(SolutionProperties) = preSolution
		HideSolutionNode = FALSE
	EndGlobalSection
	GlobalSection(ExtensibilityGlobals) = postSolution
		SolutionGuid = {BEF66432-84DD-481C-AC51-BAD1C3E01E33}
	EndGlobalSection
EndGlobal
